
Microsoft Visual Studio Solution File, Format Version 12.00
# Visual Studio 2012
Project("{FAE04EC0-301F-11D3-BF4B-00C04F79EFBC}") = "CallbackBugRepro", "CallbackBugRepro\CallbackBugRepro.csproj", "{217723ED-01F3-4D19-BD3F-5C419404F1D4}"
EndProject
Global
	GlobalSection(SolutionConfigurationPlatforms) = preSolution
		Debug|iPhoneSimulator = Debug|iPhoneSimulator
		Release|iPhone = Release|iPhone
		Release|iPhoneSimulator = Release|iPhoneSimulator
		Debug|iPhone = Debug|iPhone
	EndGlobalSection
	GlobalSection(ProjectConfigurationPlatforms) = postSolution
		{217723ED-01F3-4D19-BD3F-5C419404F1D4}.Debug|iPhoneSimulator.ActiveCfg = Debug|iPhoneSimulator
		{217723ED-01F3-4D19-BD3F-5C419404F1D4}.Debug|iPhoneSimulator.Build.0 = Debug|iPhoneSimulator
		{217723ED-01F3-4D19-BD3F-5C419404F1D4}.Release|iPhone.ActiveCfg = Release|iPhone
		{217723ED-01F3-4D19-BD3F-5C419404F1D4}.Release|iPhone.Build.0 = Release|iPhone
		{217723ED-01F3-4D19-BD3F-5C419404F1D4}.Release|iPhoneSimulator.ActiveCfg = Release|iPhoneSimulator
		{217723ED-01F3-4D19-BD3F-5C419404F1D4}.Release|iPhoneSimulator.Build.0 = Release|iPhoneSimulator
		{217723ED-01F3-4D19-BD3F-5C419404F1D4}.Debug|iPhone.ActiveCfg = Debug|iPhone
		{217723ED-01F3-4D19-BD3F-5C419404F1D4}.Debug|iPhone.Build.0 = Debug|iPhone
	EndGlobalSection
EndGlobal
